<?xml version="1.0" encoding="utf-8"?>
<Project ToolsVersion="4.0" xmlns="http://schemas.microsoft.com/developer/msbuild/2003">
  <ItemGroup>
    <Filter Include="ImGuiColorTextEdit">
      <UniqueIdentifier>{48dea0e6-45e6-45eb-8de3-f9d8fbec1178}</UniqueIdentifier>
    </Filter>
    <Filter Include="Lua">
      <UniqueIdentifier>{25dcd959-6142-454d-9054-4e4cf1a18715}</UniqueIdentifier>
    </Filter>
    <Filter Include="TDU">
      <UniqueIdentifier>{0daa5a46-26ee-43e3-b54c-3ea32cefdf00}</UniqueIdentifier>
    </Filter>
    <Filter Include="Utils">
      <UniqueIdentifier>{5cbe30eb-dda2-4b8f-bf19-79f023002670}</UniqueIdentifier>
    </Filter>
    <Filter Include="Hooks">
      <UniqueIdentifier>{b83eaf21-5dee-4d0f-983d-641982a37ac6}</UniqueIdentifier>
    </Filter>
    <Filter Include="TDU\Lua">
      <UniqueIdentifier>{439641b1-f6e5-402b-af1f-e0bf482b224f}</UniqueIdentifier>
    </Filter>
    <Filter Include="TDU\Menus">
      <UniqueIdentifier>{4cc18a4f-660f-4836-a7cc-4199059d8e4d}</UniqueIdentifier>
    </Filter>
    <Filter Include="TDU\Lua\CLuaFunctions">
      <UniqueIdentifier>{e456a52b-b9ec-4cfe-9289-a8cf7860b8a2}</UniqueIdentifier>
    </Filter>
    <Filter Include="Teardown">
      <UniqueIdentifier>{44d1f4af-216a-4202-a5bf-ddd60e58ddfc}</UniqueIdentifier>
    </Filter>
    <Filter Include="Teardown\Functions">
      <UniqueIdentifier>{624fbb2d-41f1-4041-8b8e-9dcc81af42e8}</UniqueIdentifier>
    </Filter>
    <Filter Include="Teardown\Classes">
      <UniqueIdentifier>{0376ff1f-ed00-49e5-94ef-7730e3e0c642}</UniqueIdentifier>
    </Filter>
  </ItemGroup>
  <ItemGroup>
    <ClCompile Include="..\ImGuiColorTextEdit\TextEditor.cpp">
      <Filter>ImGuiColorTextEdit</Filter>
    </ClCompile>
    <ClCompile Include="dllmain.cpp" />
    <ClCompile Include="..\lua-5.1.4\lapi.c">
      <Filter>Lua</Filter>
    </ClCompile>
    <ClCompile Include="..\lua-5.1.4\lauxlib.c">
      <Filter>Lua</Filter>
    </ClCompile>
    <ClCompile Include="..\lua-5.1.4\lbaselib.c">
      <Filter>Lua</Filter>
    </ClCompile>
    <ClCompile Include="..\lua-5.1.4\lcode.c">
      <Filter>Lua</Filter>
    </ClCompile>
    <ClCompile Include="..\lua-5.1.4\ldblib.c">
      <Filter>Lua</Filter>
    </ClCompile>
    <ClCompile Include="..\lua-5.1.4\ldebug.c">
      <Filter>Lua</Filter>
    </ClCompile>
    <ClCompile Include="..\lua-5.1.4\ldo.c">
      <Filter>Lua</Filter>
    </ClCompile>
    <ClCompile Include="..\lua-5.1.4\ldump.c">
      <Filter>Lua</Filter>
    </ClCompile>
    <ClCompile Include="..\lua-5.1.4\lfunc.c">
      <Filter>Lua</Filter>
    </ClCompile>
    <ClCompile Include="..\lua-5.1.4\lgc.c">
      <Filter>Lua</Filter>
    </ClCompile>
    <ClCompile Include="..\lua-5.1.4\linit.c">
      <Filter>Lua</Filter>
    </ClCompile>
    <ClCompile Include="..\lua-5.1.4\liolib.c">
      <Filter>Lua</Filter>
    </ClCompile>
    <ClCompile Include="..\lua-5.1.4\llex.c">
      <Filter>Lua</Filter>
    </ClCompile>
    <ClCompile Include="..\lua-5.1.4\lmathlib.c">
      <Filter>Lua</Filter>
    </ClCompile>
    <ClCompile Include="..\lua-5.1.4\lmem.c">
      <Filter>Lua</Filter>
    </ClCompile>
    <ClCompile Include="..\lua-5.1.4\loadlib.c">
      <Filter>Lua</Filter>
    </ClCompile>
    <ClCompile Include="..\lua-5.1.4\lobject.c">
      <Filter>Lua</Filter>
    </ClCompile>
    <ClCompile Include="..\lua-5.1.4\lopcodes.c">
      <Filter>Lua</Filter>
    </ClCompile>
    <ClCompile Include="..\lua-5.1.4\loslib.c">
      <Filter>Lua</Filter>
    </ClCompile>
    <ClCompile Include="..\lua-5.1.4\lparser.c">
      <Filter>Lua</Filter>
    </ClCompile>
    <ClCompile Include="..\lua-5.1.4\lstate.c">
      <Filter>Lua</Filter>
    </ClCompile>
    <ClCompile Include="..\lua-5.1.4\lstring.c">
      <Filter>Lua</Filter>
    </ClCompile>
    <ClCompile Include="..\lua-5.1.4\lstrlib.c">
      <Filter>Lua</Filter>
    </ClCompile>
    <ClCompile Include="..\lua-5.1.4\ltable.c">
      <Filter>Lua</Filter>
    </ClCompile>
    <ClCompile Include="..\lua-5.1.4\ltablib.c">
      <Filter>Lua</Filter>
    </ClCompile>
    <ClCompile Include="..\lua-5.1.4\ltm.c">
      <Filter>Lua</Filter>
    </ClCompile>
    <ClCompile Include="..\lua-5.1.4\lundump.c">
      <Filter>Lua</Filter>
    </ClCompile>
    <ClCompile Include="..\lua-5.1.4\lvm.c">
      <Filter>Lua</Filter>
    </ClCompile>
    <ClCompile Include="..\lua-5.1.4\lzio.c">
      <Filter>Lua</Filter>
    </ClCompile>
    <ClCompile Include="..\lua-5.1.4\print.c">
      <Filter>Lua</Filter>
    </ClCompile>
    <ClCompile Include="..\lua-5.1.4\luac.c">
      <Filter>Lua</Filter>
    </ClCompile>
    <ClCompile Include="ImGuiBuild.cpp">
      <Filter>Utils</Filter>
    </ClCompile>
    <ClCompile Include="CWHook.cpp">
      <Filter>Hooks</Filter>
    </ClCompile>
    <ClCompile Include="InputHooks.cpp">
      <Filter>Hooks</Filter>
    </ClCompile>
    <ClCompile Include="LuaHooks.cpp">
      <Filter>Hooks</Filter>
    </ClCompile>
    <ClCompile Include="UpdateHook.cpp">
      <Filter>Hooks</Filter>
    </ClCompile>
    <ClCompile Include="LogHook.cpp">
      <Filter>Hooks</Filter>
    </ClCompile>
    <ClCompile Include="GLHooks.cpp">
      <Filter>Hooks</Filter>
    </ClCompile>
    <ClCompile Include="ScriptEditor.cpp">
      <Filter>TDU\Menus</Filter>
    </ClCompile>
    <ClCompile Include="LuaEntityFunctions.cpp">
      <Filter>TDU\Lua\CLuaFunctions</Filter>
    </ClCompile>
    <ClCompile Include="LuaFunctions.cpp">
      <Filter>TDU\Lua</Filter>
    </ClCompile>
    <ClCompile Include="LuaEnvironmentFunctions.cpp">
      <Filter>TDU\Lua\CLuaFunctions</Filter>
    </ClCompile>
  </ItemGroup>
  <ItemGroup>
    <ClInclude Include="..\ImGuiColorTextEdit\TextEditor.h">
      <Filter>ImGuiColorTextEdit</Filter>
    </ClInclude>
    <ClInclude Include="..\lua-5.1.4\lapi.h">
      <Filter>Lua</Filter>
    </ClInclude>
    <ClInclude Include="..\lua-5.1.4\lauxlib.h">
      <Filter>Lua</Filter>
    </ClInclude>
    <ClInclude Include="..\lua-5.1.4\lcode.h">
      <Filter>Lua</Filter>
    </ClInclude>
    <ClInclude Include="..\lua-5.1.4\ldebug.h">
      <Filter>Lua</Filter>
    </ClInclude>
    <ClInclude Include="..\lua-5.1.4\ldo.h">
      <Filter>Lua</Filter>
    </ClInclude>
    <ClInclude Include="..\lua-5.1.4\lfunc.h">
      <Filter>Lua</Filter>
    </ClInclude>
    <ClInclude Include="..\lua-5.1.4\lgc.h">
      <Filter>Lua</Filter>
    </ClInclude>
    <ClInclude Include="..\lua-5.1.4\llex.h">
      <Filter>Lua</Filter>
    </ClInclude>
    <ClInclude Include="..\lua-5.1.4\llimits.h">
      <Filter>Lua</Filter>
    </ClInclude>
    <ClInclude Include="..\lua-5.1.4\lmem.h">
      <Filter>Lua</Filter>
    </ClInclude>
    <ClInclude Include="..\lua-5.1.4\lobject.h">
      <Filter>Lua</Filter>
    </ClInclude>
    <ClInclude Include="..\lua-5.1.4\lopcodes.h">
      <Filter>Lua</Filter>
    </ClInclude>
    <ClInclude Include="..\lua-5.1.4\lparser.h">
      <Filter>Lua</Filter>
    </ClInclude>
    <ClInclude Include="..\lua-5.1.4\lstate.h">
      <Filter>Lua</Filter>
    </ClInclude>
    <ClInclude Include="..\lua-5.1.4\lstring.h">
      <Filter>Lua</Filter>
    </ClInclude>
    <ClInclude Include="..\lua-5.1.4\ltable.h">
      <Filter>Lua</Filter>
    </ClInclude>
    <ClInclude Include="..\lua-5.1.4\ltm.h">
      <Filter>Lua</Filter>
    </ClInclude>
    <ClInclude Include="..\lua-5.1.4\lua.h">
      <Filter>Lua</Filter>
    </ClInclude>
    <ClInclude Include="..\lua-5.1.4\luaconf.h">
      <Filter>Lua</Filter>
    </ClInclude>
    <ClInclude Include="..\lua-5.1.4\lualib.h">
      <Filter>Lua</Filter>
    </ClInclude>
    <ClInclude Include="..\lua-5.1.4\lundump.h">
      <Filter>Lua</Filter>
    </ClInclude>
    <ClInclude Include="..\lua-5.1.4\lvm.h">
      <Filter>Lua</Filter>
    </ClInclude>
    <ClInclude Include="..\lua-5.1.4\lzio.h">
      <Filter>Lua</Filter>
    </ClInclude>
    <ClInclude Include="Globals.h" />
    <ClInclude Include="Config.h" />
    <ClInclude Include="Logger.h">
      <Filter>Utils</Filter>
    </ClInclude>
    <ClInclude Include="Loader.h">
      <Filter>TDU</Filter>
    </ClInclude>
    <ClInclude Include="Exports.h">
      <Filter>Utils</Filter>
    </ClInclude>
    <ClInclude Include="CSignature.h">
      <Filter>Utils</Filter>
    </ClInclude>
    <ClInclude Include="Signatures.h">
      <Filter>Teardown\Functions</Filter>
    </ClInclude>
    <ClInclude Include="Memory.h">
      <Filter>Utils</Filter>
    </ClInclude>
    <ClInclude Include="Types.h">
      <Filter>Teardown\Classes</Filter>
    </ClInclude>
    <ClInclude Include="tdf_Memory.h">
      <Filter>Teardown\Functions</Filter>
    </ClInclude>
    <ClInclude Include="tdf_Lua.h">
      <Filter>Teardown\Functions</Filter>
    </ClInclude>
    <ClInclude Include="tdf_Constructors.h">
      <Filter>Teardown\Functions</Filter>
    </ClInclude>
    <ClInclude Include="Lua.hpp">
      <Filter>Utils</Filter>
    </ClInclude>
    <ClInclude Include="Script.h">
      <Filter>Teardown\Classes</Filter>
    </ClInclude>
    <ClInclude Include="Entities.h">
      <Filter>Teardown\Classes</Filter>
    </ClInclude>
    <ClInclude Include="Environment.h">
      <Filter>Teardown\Classes</Filter>
    </ClInclude>
    <ClInclude Include="Game.h">
      <Filter>Teardown\Classes</Filter>
    </ClInclude>
    <ClInclude Include="GameSettings.h">
      <Filter>Teardown\Classes</Filter>
    </ClInclude>
    <ClInclude Include="Player.h">
      <Filter>Teardown\Classes</Filter>
    </ClInclude>
    <ClInclude Include="Scene.h">
      <Filter>Teardown\Classes</Filter>
    </ClInclude>
    <ClInclude Include="Hooks.h">
      <Filter>Hooks</Filter>
    </ClInclude>
    <ClInclude Include="tdf_Entities.h">
      <Filter>Teardown\Functions</Filter>
    </ClInclude>
    <ClInclude Include="Menus.h">
      <Filter>TDU\Menus</Filter>
    </ClInclude>
    <ClInclude Include="LuaUtils.h">
      <Filter>Utils</Filter>
    </ClInclude>
    <ClInclude Include="CLuaFunctions.h">
      <Filter>TDU\Lua\CLuaFunctions</Filter>
    </ClInclude>
    <ClInclude Include="tdf_Utils.h">
      <Filter>Teardown\Functions</Filter>
    </ClInclude>
    <ClInclude Include="LuaFunctions.h">
      <Filter>TDU\Lua</Filter>
    </ClInclude>
  </ItemGroup>
</Project>